
Microsoft Visual Studio Solution File, Format Version 12.00
# Visual Studio Version 17
VisualStudioVersion = 17.8.34511.84
MinimumVisualStudioVersion = 10.0.40219.1
Project("{FAE04EC0-301F-11D3-BF4B-00C04F79EFBC}") = "QuadraticEquationSolver", "QuadraticEquationSolver\QuadraticEquationSolver.csproj", "{62D965BD-F4AF-4A99-BE51-9AE138FF7573}"
EndProject
Project("{FAE04EC0-301F-11D3-BF4B-00C04F79EFBC}") = "QuadraticEquationSolverUnitTest", "QuadraticEquationSolverUnitTest\QuadraticEquationSolverUnitTest.csproj", "{ADFD2C89-2AD2-49FB-80FC-3CF21B3A0AC0}"
EndProject
Global
	GlobalSection(SolutionConfigurationPlatforms) = preSolution
		Debug|Any CPU = Debug|Any CPU
		Release|Any CPU = Release|Any CPU
	EndGlobalSection
	GlobalSection(ProjectConfigurationPlatforms) = postSolution
		{62D965BD-F4AF-4A99-BE51-9AE138FF7573}.Debug|Any CPU.ActiveCfg = Debug|Any CPU
		{62D965BD-F4AF-4A99-BE51-9AE138FF7573}.Debug|Any CPU.Build.0 = Debug|Any CPU
		{62D965BD-F4AF-4A99-BE51-9AE138FF7573}.Release|Any CPU.ActiveCfg = Release|Any CPU
		{62D965BD-F4AF-4A99-BE51-9AE138FF7573}.Release|Any CPU.Build.0 = Release|Any CPU
		{ADFD2C89-2AD2-49FB-80FC-3CF21B3A0AC0}.Debug|Any CPU.ActiveCfg = Debug|Any CPU
		{ADFD2C89-2AD2-49FB-80FC-3CF21B3A0AC0}.Debug|Any CPU.Build.0 = Debug|Any CPU
		{ADFD2C89-2AD2-49FB-80FC-3CF21B3A0AC0}.Release|Any CPU.ActiveCfg = Release|Any CPU
		{ADFD2C89-2AD2-49FB-80FC-3CF21B3A0AC0}.Release|Any CPU.Build.0 = Release|Any CPU
	EndGlobalSection
	GlobalSection(SolutionProperties) = preSolution
		HideSolutionNode = FALSE
	EndGlobalSection
	GlobalSection(ExtensibilityGlobals) = postSolution
		SolutionGuid = {922B7A39-904D-4CA3-AC93-885D03E247F7}
	EndGlobalSection
EndGlobal
